
Microsoft Visual Studio Solution File, Format Version 12.00
# Visual Studio Version 16
VisualStudioVersion = 16.0.30320.27
MinimumVisualStudioVersion = 10.0.40219.1
Project("{9A19103F-16F7-4668-BE54-9A1E7A4F7556}") = "ZShop", "ZShop.csproj", "{37ED433E-74F3-4019-9ED8-2613AFBF6D06}"
EndProject
Project("{9A19103F-16F7-4668-BE54-9A1E7A4F7556}") = "ZShop.Persistence", "..\ZShop.Persistence\ZShop.Persistence.csproj", "{3649E931-DA5A-4DC6-9F46-A72D5A71BE53}"
EndProject
Project("{9A19103F-16F7-4668-BE54-9A1E7A4F7556}") = "Entities", "..\Entities\Entities.csproj", "{032D98A4-CF34-4CA4-869A-2597B1FC5D06}"
EndProject
Project("{9A19103F-16F7-4668-BE54-9A1E7A4F7556}") = "ZShop.Services", "..\ZShop.Services\ZShop.Services.csproj", "{82F90406-6803-4889-8854-753197DB7032}"
EndProject
Project("{FAE04EC0-301F-11D3-BF4B-00C04F79EFBC}") = "ShopCart", "..\ShopCart\ShopCart.csproj", "{BB059917-6B6E-41BF-9E5A-AC74F7E08B76}"
EndProject
Global
	GlobalSection(SolutionConfigurationPlatforms) = preSolution
		Debug|Any CPU = Debug|Any CPU
		Release|Any CPU = Release|Any CPU
	EndGlobalSection
	GlobalSection(ProjectConfigurationPlatforms) = postSolution
		{37ED433E-74F3-4019-9ED8-2613AFBF6D06}.Debug|Any CPU.ActiveCfg = Debug|Any CPU
		{37ED433E-74F3-4019-9ED8-2613AFBF6D06}.Debug|Any CPU.Build.0 = Debug|Any CPU
		{37ED433E-74F3-4019-9ED8-2613AFBF6D06}.Release|Any CPU.ActiveCfg = Release|Any CPU
		{37ED433E-74F3-4019-9ED8-2613AFBF6D06}.Release|Any CPU.Build.0 = Release|Any CPU
		{3649E931-DA5A-4DC6-9F46-A72D5A71BE53}.Debug|Any CPU.ActiveCfg = Debug|Any CPU
		{3649E931-DA5A-4DC6-9F46-A72D5A71BE53}.Debug|Any CPU.Build.0 = Debug|Any CPU
		{3649E931-DA5A-4DC6-9F46-A72D5A71BE53}.Release|Any CPU.ActiveCfg = Release|Any CPU
		{3649E931-DA5A-4DC6-9F46-A72D5A71BE53}.Release|Any CPU.Build.0 = Release|Any CPU
		{032D98A4-CF34-4CA4-869A-2597B1FC5D06}.Debug|Any CPU.ActiveCfg = Debug|Any CPU
		{032D98A4-CF34-4CA4-869A-2597B1FC5D06}.Debug|Any CPU.Build.0 = Debug|Any CPU
		{032D98A4-CF34-4CA4-869A-2597B1FC5D06}.Release|Any CPU.ActiveCfg = Release|Any CPU
		{032D98A4-CF34-4CA4-869A-2597B1FC5D06}.Release|Any CPU.Build.0 = Release|Any CPU
		{82F90406-6803-4889-8854-753197DB7032}.Debug|Any CPU.ActiveCfg = Debug|Any CPU
		{82F90406-6803-4889-8854-753197DB7032}.Debug|Any CPU.Build.0 = Debug|Any CPU
		{82F90406-6803-4889-8854-753197DB7032}.Release|Any CPU.ActiveCfg = Release|Any CPU
		{82F90406-6803-4889-8854-753197DB7032}.Release|Any CPU.Build.0 = Release|Any CPU
		{BB059917-6B6E-41BF-9E5A-AC74F7E08B76}.Debug|Any CPU.ActiveCfg = Debug|Any CPU
		{BB059917-6B6E-41BF-9E5A-AC74F7E08B76}.Debug|Any CPU.Build.0 = Debug|Any CPU
		{BB059917-6B6E-41BF-9E5A-AC74F7E08B76}.Release|Any CPU.ActiveCfg = Release|Any CPU
		{BB059917-6B6E-41BF-9E5A-AC74F7E08B76}.Release|Any CPU.Build.0 = Release|Any CPU
	EndGlobalSection
	GlobalSection(SolutionProperties) = preSolution
		HideSolutionNode = FALSE
	EndGlobalSection
	GlobalSection(ExtensibilityGlobals) = postSolution
		SolutionGuid = {421109F4-57A4-4CC4-8D89-F575431D49C2}
	EndGlobalSection
EndGlobal
